{
  "requires": true,
  "lockfileVersion": 1,
  "dependencies": {
    "nav-frontend-core": {
      "version": "4.0.5",
      "resolved": "https://registry.npmjs.org/nav-frontend-core/-/nav-frontend-core-4.0.5.tgz",
      "integrity": "sha1-MJyd5qUUbo6Ts/UtT8Qswwms3KE="
    },
    "nav-frontend-hjelpetekst": {
      "version": "1.0.13",
      "resolved": "https://registry.npmjs.org/nav-frontend-hjelpetekst/-/nav-frontend-hjelpetekst-1.0.13.tgz",
      "integrity": "sha512-Soh2Y3i/T9mDAQir39x+aT5CDnF2Apw7E0twRZOQuXYwZCU/u7UIa1DJYH1D/sxXgLmi+4oGfJjYIXCP6KfxTw=="
    },
    "nav-frontend-hjelpetekst-style": {
      "version": "0.3.12",
      "resolved": "https://registry.npmjs.org/nav-frontend-hjelpetekst-style/-/nav-frontend-hjelpetekst-style-0.3.12.tgz",
      "integrity": "sha512-Bc3gbgJd1l9B4CzfT+c1R/vHj681TQEF7xSeSfXRoQHh0PMd0Me7mnbtYh8Xcm9O86heDkVNlysXy4cUqWTvLg=="
    },
    "nav-frontend-ikoner-assets": {
      "version": "0.2.27",
      "resolved": "https://registry.npmjs.org/nav-frontend-ikoner-assets/-/nav-frontend-ikoner-assets-0.2.27.tgz",
      "integrity": "sha512-htUaAOB5M48Ajv6noPEH1v8qgypjPW1RWp8RiE8Px/SCwEPZlYsabTvZrA2VLvILQTVk3Hf1feKOH/k1Oihfgw=="
    },
    "nav-frontend-typografi": {
      "version": "2.0.5",
      "resolved": "https://registry.npmjs.org/nav-frontend-typografi/-/nav-frontend-typografi-2.0.5.tgz",
      "integrity": "sha512-mJR8WVktnGVE8zHGvTCOFV6D9wApXk4IBgVxUjhrycrCxIibV6ZTnKSCkf6Q2l977Oh9pQTRNsUnv79hDtbEgw=="
    },
    "nav-frontend-typografi-style": {
      "version": "1.0.9",
      "resolved": "https://registry.npmjs.org/nav-frontend-typografi-style/-/nav-frontend-typografi-style-1.0.9.tgz",
      "integrity": "sha512-Do1BB3cyWBKw++N6M7wv3408a9EF1VmRM/BhUqHvA5GalDcC4gVvgpxW+8HjCSefuUOVDJ3vseWjBPlgd12Zug==",
      "requires": {
        "nav-frontend-core": "^4.0.2"
      }
    }
  }
}
